
Microsoft Visual Studio Solution File, Format Version 12.00
# Visual Studio Version 16
VisualStudioVersion = 16.0.30404.172
MinimumVisualStudioVersion = 10.0.40219.1
Project("{FAE04EC0-301F-11D3-BF4B-00C04F79EFBC}") = "ToolTip", "ToolTip\ToolTip.csproj", "{8DDAD33B-7172-4578-BBC8-FE79607FE561}"
EndProject
Global
	GlobalSection(SolutionConfigurationPlatforms) = preSolution
		Debug|Any CPU = Debug|Any CPU
		Release|Any CPU = Release|Any CPU
	EndGlobalSection
	GlobalSection(ProjectConfigurationPlatforms) = postSolution
		{8DDAD33B-7172-4578-BBC8-FE79607FE561}.Debug|Any CPU.ActiveCfg = Debug|Any CPU
		{8DDAD33B-7172-4578-BBC8-FE79607FE561}.Debug|Any CPU.Build.0 = Debug|Any CPU
		{8DDAD33B-7172-4578-BBC8-FE79607FE561}.Release|Any CPU.ActiveCfg = Release|Any CPU
		{8DDAD33B-7172-4578-BBC8-FE79607FE561}.Release|Any CPU.Build.0 = Release|Any CPU
	EndGlobalSection
	GlobalSection(SolutionProperties) = preSolution
		HideSolutionNode = FALSE
	EndGlobalSection
	GlobalSection(ExtensibilityGlobals) = postSolution
		SolutionGuid = {DA706538-9A78-4319-864B-7D23F92CAF1D}
	EndGlobalSection
EndGlobal
